// !$*UTF8*$!
{
	archiveVersion = 1;
	classes = {
	};
	objectVersion = 50;
	objects = {

/* Begin PBXBuildFile section */
		D11C59052658A022007C83F2 /* AppDelegate.swift in Sources */ = {isa = PBXBuildFile; fileRef = D11C59042658A022007C83F2 /* AppDelegate.swift */; };
		D11C59072658A022007C83F2 /* SceneDelegate.swift in Sources */ = {isa = PBXBuildFile; fileRef = D11C59062658A022007C83F2 /* SceneDelegate.swift */; };
		D11C59092658A022007C83F2 /* FirstViewController.swift in Sources */ = {isa = PBXBuildFile; fileRef = D11C59082658A022007C83F2 /* FirstViewController.swift */; };
		D11C590C2658A022007C83F2 /* Main.storyboard in Resources */ = {isa = PBXBuildFile; fileRef = D11C590A2658A022007C83F2 /* Main.storyboard */; };
		D11C590E2658A023007C83F2 /* Assets.xcassets in Resources */ = {isa = PBXBuildFile; fileRef = D11C590D2658A023007C83F2 /* Assets.xcassets */; };
		D11C59112658A023007C83F2 /* LaunchScreen.storyboard in Resources */ = {isa = PBXBuildFile; fileRef = D11C590F2658A023007C83F2 /* LaunchScreen.storyboard */; };
		D11C591A2658A417007C83F2 /* SecondViewController.swift in Sources */ = {isa = PBXBuildFile; fileRef = D11C59192658A417007C83F2 /* SecondViewController.swift */; };
		D11C591E2658A474007C83F2 /* StringExtension.swift in Sources */ = {isa = PBXBuildFile; fileRef = D11C591D2658A474007C83F2 /* StringExtension.swift */; };
/* End PBXBuildFile section */

/* Begin PBXFileReference section */
		D11C59012658A022007C83F2 /* viewcontroller_lifecycle.app */ = {isa = PBXFileReference; explicitFileType = wrapper.application; includeInIndex = 0; path = viewcontroller_lifecycle.app; sourceTree = BUILT_PRODUCTS_DIR; };
		D11C59042658A022007C83F2 /* AppDelegate.swift */ = {isa = PBXFileReference; lastKnownFileType = sourcecode.swift; path = AppDelegate.swift; sourceTree = "<group>"; };
		D11C59062658A022007C83F2 /* SceneDelegate.swift */ = {isa = PBXFileReference; lastKnownFileType = sourcecode.swift; path = SceneDelegate.swift; sourceTree = "<group>"; };
		D11C59082658A022007C83F2 /* FirstViewController.swift */ = {isa = PBXFileReference; lastKnownFileType = sourcecode.swift; path = FirstViewController.swift; sourceTree = "<group>"; };
		D11C590B2658A022007C83F2 /* Base */ = {isa = PBXFileReference; lastKnownFileType = file.storyboard; name = Base; path = Base.lproj/Main.storyboard; sourceTree = "<group>"; };
		D11C590D2658A023007C83F2 /* Assets.xcassets */ = {isa = PBXFileReference; lastKnownFileType = folder.assetcatalog; path = Assets.xcassets; sourceTree = "<group>"; };
		D11C59102658A023007C83F2 /* Base */ = {isa = PBXFileReference; lastKnownFileType = file.storyboard; name = Base; path = Base.lproj/LaunchScreen.storyboard; sourceTree = "<group>"; };
		D11C59122658A023007C83F2 /* Info.plist */ = {isa = PBXFileReference; lastKnownFileType = text.plist.xml; path = Info.plist; sourceTree = "<group>"; };
		D11C59192658A417007C83F2 /* SecondViewController.swift */ = {isa = PBXFileReference; lastKnownFileType = sourcecode.swift; path = SecondViewController.swift; sourceTree = "<group>"; };
		D11C591D2658A474007C83F2 /* StringExtension.swift */ = {isa = PBXFileReference; lastKnownFileType = sourcecode.swift; path = StringExtension.swift; sourceTree = "<group>"; };
/* End PBXFileReference section */

/* Begin PBXFrameworksBuildPhase section */
		D11C58FE2658A022007C83F2 /* Frameworks */ = {
			isa = PBXFrameworksBuildPhase;
			buildActionMask = 2147483647;
			files = (
			);
			runOnlyForDeploymentPostprocessing = 0;
		};
/* End PBXFrameworksBuildPhase section */

/* Begin PBXGroup section */
		D11C58F82658A022007C83F2 = {
			isa = PBXGroup;
			children = (
				D11C59032658A022007C83F2 /* viewcontroller_lifecycle */,
				D11C59022658A022007C83F2 /* Products */,
			);
			sourceTree = "<group>";
		};
		D11C59022658A022007C83F2 /* Products */ = {
			isa = PBXGroup;
			children = (
				D11C59012658A022007C83F2 /* viewcontroller_lifecycle.app */,
			);
			name = Products;
			sourceTree = "<group>";
		};
		D11C59032658A022007C83F2 /* viewcontroller_lifecycle */ = {
			isa = PBXGroup;
			children = (
				D11C59042658A022007C83F2 /* AppDelegate.swift */,
				D11C59062658A022007C83F2 /* SceneDelegate.swift */,
				D11C59222658A4CA007C83F2 /* Extensions */,
				D11C59202658A4B7007C83F2 /* viewControllers */,
				D11C59242658A4D2007C83F2 /* storyboards */,
				D11C590D2658A023007C83F2 /* Assets.xcassets */,
				D11C590F2658A023007C83F2 /* LaunchScreen.storyboard */,
				D11C59122658A023007C83F2 /* Info.plist */,
			);
			path = viewcontroller_lifecycle;
			sourceTree = "<group>";
		};
		D11C59202658A4B7007C83F2 /* viewControllers */ = {
			isa = PBXGroup;
			children = (
				D11C59082658A022007C83F2 /* FirstViewController.swift */,
				D11C59192658A417007C83F2 /* SecondViewController.swift */,
			);
			path = viewControllers;
			sourceTree = "<group>";
		};
		D11C59222658A4CA007C83F2 /* Extensions */ = {
			isa = PBXGroup;
			children = (
				D11C591D2658A474007C83F2 /* StringExtension.swift */,
			);
			path = Extensions;
			sourceTree = "<group>";
		};
		D11C59242658A4D2007C83F2 /* storyboards */ = {
			isa = PBXGroup;
			children = (
				D11C590A2658A022007C83F2 /* Main.storyboard */,
			);
			path = storyboards;
			sourceTree = "<group>";
		};
/* End PBXGroup section */

/* Begin PBXNativeTarget section */
		D11C59002658A022007C83F2 /* viewcontroller_lifecycle */ = {
			isa = PBXNativeTarget;
			buildConfigurationList = D11C59152658A023007C83F2 /* Build configuration list for PBXNativeTarget "viewcontroller_lifecycle" */;
			buildPhases = (
				D11C58FD2658A022007C83F2 /* Sources */,
				D11C58FE2658A022007C83F2 /* Frameworks */,
				D11C58FF2658A022007C83F2 /* Resources */,
			);
			buildRules = (
			);
			dependencies = (
			);
			name = viewcontroller_lifecycle;
			productName = viewcontroller_lifecycle;
			productReference = D11C59012658A022007C83F2 /* viewcontroller_lifecycle.app */;
			productType = "com.apple.product-type.application";
		};
/* End PBXNativeTarget section */

/* Begin PBXProject section */
		D11C58F92658A022007C83F2 /* Project object */ = {
			isa = PBXProject;
			attributes = {
				LastSwiftUpdateCheck = 1240;
				LastUpgradeCheck = 1240;
				TargetAttributes = {
					D11C59002658A022007C83F2 = {
						CreatedOnToolsVersion = 12.4;
					};
				};
			};
			buildConfigurationList = D11C58FC2658A022007C83F2 /* Build configuration list for PBXProject "viewcontroller_lifecycle" */;
			compatibilityVersion = "Xcode 9.3";
			developmentRegion = en;
			hasScannedForEncodings = 0;
			knownRegions = (
				en,
				Base,
			);
			mainGroup = D11C58F82658A022007C83F2;
			productRefGroup = D11C59022658A022007C83F2 /* Products */;
			projectDirPath = "";
			projectRoot = "";
			targets = (
				D11C59002658A022007C83F2 /* viewcontroller_lifecycle */,
			);
		};
/* End PBXProject section */

/* Begin PBXResourcesBuildPhase section */
		D11C58FF2658A022007C83F2 /* Resources */ = {
			isa = PBXResourcesBuildPhase;
			buildActionMask = 2147483647;
			files = (
				D11C59112658A023007C83F2 /* LaunchScreen.storyboard in Resources */,
				D11C590E2658A023007C83F2 /* Assets.xcassets in Resources */,
				D11C590C2658A022007C83F2 /* Main.storyboard in Resources */,
			);
			runOnlyForDeploymentPostprocessing = 0;
		};
/* End PBXResourcesBuildPhase section */

/* Begin PBXSourcesBuildPhase section */
		D11C58FD2658A022007C83F2 /* Sources */ = {
			isa = PBXSourcesBuildPhase;
			buildActionMask = 2147483647;
			files = (
				D11C591A2658A417007C83F2 /* SecondViewController.swift in Sources */,
				D11C59092658A022007C83F2 /* FirstViewController.swift in Sources */,
				D11C591E2658A474007C83F2 /* StringExtension.swift in Sources */,
				D11C59052658A022007C83F2 /* AppDelegate.swift in Sources */,
				D11C59072658A022007C83F2 /* SceneDelegate.swift in Sources */,
			);
			runOnlyForDeploymentPostprocessing = 0;
		};
/* End PBXSourcesBuildPhase section */

/* Begin PBXVariantGroup section */
		D11C590A2658A022007C83F2 /* Main.storyboard */ = {
			isa = PBXVariantGroup;
			children = (
				D11C590B2658A022007C83F2 /* Base */,
			);
			name = Main.storyboard;
			sourceTree = "<group>";
		};
		D11C590F2658A023007C83F2 /* LaunchScreen.storyboard */ = {
			isa = PBXVariantGroup;
			children = (
				D11C59102658A023007C83F2 /* Base */,
			);
			name = LaunchScreen.storyboard;
			sourceTree = "<group>";
		};
/* End PBXVariantGroup section */

/* Begin XCBuildConfiguration section */
		D11C59132658A023007C83F2 /* Debug */ = {
			isa = XCBuildConfiguration;
			buildSettings = {
				ALWAYS_SEARCH_USER_PATHS = NO;
				CLANG_ANALYZER_NONNULL = YES;
				CLANG_ANALYZER_NUMBER_OBJECT_CONVERSION = YES_AGGRESSIVE;
				CLANG_CXX_LANGUAGE_STANDARD = "gnu++14";
				CLANG_CXX_LIBRARY = "libc++";
				CLANG_ENABLE_MODULES = YES;
				CLANG_ENABLE_OBJC_ARC = YES;
				CLANG_ENABLE_OBJC_WEAK = YES;
				CLANG_WARN_BLOCK_CAPTURE_AUTORELEASING = YES;
				CLANG_WARN_BOOL_CONVERSION = YES;
				CLANG_WARN_COMMA = YES;
				CLANG_WARN_CONSTANT_CONVERSION = YES;
				CLANG_WARN_DEPRECATED_OBJC_IMPLEMENTATIONS = YES;
				CLANG_WARN_DIRECT_OBJC_ISA_USAGE = YES_ERROR;
				CLANG_WARN_DOCUMENTATION_COMMENTS = YES;
				CLANG_WARN_EMPTY_BODY = YES;
				CLANG_WARN_ENUM_CONVERSION = YES;
				CLANG_WARN_INFINITE_RECURSION = YES;
				CLANG_WARN_INT_CONVERSION = YES;
				CLANG_WARN_NON_LITERAL_NULL_CONVERSION = YES;
				CLANG_WARN_OBJC_IMPLICIT_RETAIN_SELF = YES;
				CLANG_WARN_OBJC_LITERAL_CONVERSION = YES;
				CLANG_WARN_OBJC_ROOT_CLASS = YES_ERROR;
				CLANG_WARN_QUOTED_INCLUDE_IN_FRAMEWORK_HEADER = YES;
				CLANG_WARN_RANGE_LOOP_ANALYSIS = YES;
				CLANG_WARN_STRICT_PROTOTYPES = YES;
				CLANG_WARN_SUSPICIOUS_MOVE = YES;
				CLANG_WARN_UNGUARDED_AVAILABILITY = YES_AGGRESSIVE;
				CLANG_WARN_UNREACHABLE_CODE = YES;
				CLANG_WARN__DUPLICATE_METHOD_MATCH = YES;
				COPY_PHASE_STRIP = NO;
				DEBUG_INFORMATION_FORMAT = dwarf;
				ENABLE_STRICT_OBJC_MSGSEND = YES;
				ENABLE_TESTABILITY = YES;
				GCC_C_LANGUAGE_STANDARD = gnu11;
				GCC_DYNAMIC_NO_PIC = NO;
				GCC_NO_COMMON_BLOCKS = YES;
				GCC_OPTIMIZATION_LEVEL = 0;
				GCC_PREPROCESSOR_DEFINITIONS = (
					"DEBUG=1",
					"$(inherited)",
				);
				GCC_WARN_64_TO_32_BIT_CONVERSION = YES;
				GCC_WARN_ABOUT_RETURN_TYPE = YES_ERROR;
				GCC_WARN_UNDECLARED_SELECTOR = YES;
				GCC_WARN_UNINITIALIZED_AUTOS = YES_AGGRESSIVE;
				GCC_WARN_UNUSED_FUNCTION = YES;
				GCC_WARN_UNUSED_VARIABLE = YES;
				IPHONEOS_DEPLOYMENT_TARGET = 14.4;
				MTL_ENABLE_DEBUG_INFO = INCLUDE_SOURCE;
				MTL_FAST_MATH = YES;
				ONLY_ACTIVE_ARCH = YES;
				SDKROOT = iphoneos;
				SWIFT_ACTIVE_COMPILATION_CONDITIONS = DEBUG;
				SWIFT_OPTIMIZATION_LEVEL = "-Onone";
			};
			name = Debug;
		};
		D11C59142658A023007C83F2 /* Release */ = {
			isa = XCBuildConfiguration;
			buildSettings = {
				ALWAYS_SEARCH_USER_PATHS = NO;
				CLANG_ANALYZER_NONNULL = YES;
				CLANG_ANALYZER_NUMBER_OBJECT_CONVERSION = YES_AGGRESSIVE;
				CLANG_CXX_LANGUAGE_STANDARD = "gnu++14";
				CLANG_CXX_LIBRARY = "libc++";
				CLANG_ENABLE_MODULES = YES;
				CLANG_ENABLE_OBJC_ARC = YES;
				CLANG_ENABLE_OBJC_WEAK = YES;
				CLANG_WARN_BLOCK_CAPTURE_AUTORELEASING = YES;
				CLANG_WARN_BOOL_CONVERSION = YES;
				CLANG_WARN_COMMA = YES;
				CLANG_WARN_CONSTANT_CONVERSION = YES;
				CLANG_WARN_DEPRECATED_OBJC_IMPLEMENTATIONS = YES;
				CLANG_WARN_DIRECT_OBJC_ISA_USAGE = YES_ERROR;
				CLANG_WARN_DOCUMENTATION_COMMENTS = YES;
				CLANG_WARN_EMPTY_BODY = YES;
				CLANG_WARN_ENUM_CONVERSION = YES;
				CLANG_WARN_INFINITE_RECURSION = YES;
				CLANG_WARN_INT_CONVERSION = YES;
				CLANG_WARN_NON_LITERAL_NULL_CONVERSION = YES;
				CLANG_WARN_OBJC_IMPLICIT_RETAIN_SELF = YES;
				CLANG_WARN_OBJC_LITERAL_CONVERSION = YES;
				CLANG_WARN_OBJC_ROOT_CLASS = YES_ERROR;
				CLANG_WARN_QUOTED_INCLUDE_IN_FRAMEWORK_HEADER = YES;
				CLANG_WARN_RANGE_LOOP_ANALYSIS = YES;
				CLANG_WARN_STRICT_PROTOTYPES = YES;
				CLANG_WARN_SUSPICIOUS_MOVE = YES;
				CLANG_WARN_UNGUARDED_AVAILABILITY = YES_AGGRESSIVE;
				CLANG_WARN_UNREACHABLE_CODE = YES;
				CLANG_WARN__DUPLICATE_METHOD_MATCH = YES;
				COPY_PHASE_STRIP = NO;
				DEBUG_INFORMATION_FORMAT = "dwarf-with-dsym";
				ENABLE_NS_ASSERTIONS = NO;
				ENABLE_STRICT_OBJC_MSGSEND = YES;
				GCC_C_LANGUAGE_STANDARD = gnu11;
				GCC_NO_COMMON_BLOCKS = YES;
				GCC_WARN_64_TO_32_BIT_CONVERSION = YES;
				GCC_WARN_ABOUT_RETURN_TYPE = YES_ERROR;
				GCC_WARN_UNDECLARED_SELECTOR = YES;
				GCC_WARN_UNINITIALIZED_AUTOS = YES_AGGRESSIVE;
				GCC_WARN_UNUSED_FUNCTION = YES;
				GCC_WARN_UNUSED_VARIABLE = YES;
				IPHONEOS_DEPLOYMENT_TARGET = 14.4;
				MTL_ENABLE_DEBUG_INFO = NO;
				MTL_FAST_MATH = YES;
				SDKROOT = iphoneos;
				SWIFT_COMPILATION_MODE = wholemodule;
				SWIFT_OPTIMIZATION_LEVEL = "-O";
				VALIDATE_PRODUCT = YES;
			};
			name = Release;
		};
		D11C59162658A023007C83F2 /* Debug */ = {
			isa = XCBuildConfiguration;
			buildSettings = {
				ASSETCATALOG_COMPILER_APPICON_NAME = AppIcon;
				ASSETCATALOG_COMPILER_GLOBAL_ACCENT_COLOR_NAME = AccentColor;
				CODE_SIGN_STYLE = Automatic;
				DEVELOPMENT_TEAM = N6VB623J2W;
				INFOPLIST_FILE = viewcontroller_lifecycle/Info.plist;
				LD_RUNPATH_SEARCH_PATHS = (
					"$(inherited)",
					"@executable_path/Frameworks",
				);
				PRODUCT_BUNDLE_IDENTIFIER = "com.google.viewcontroller-lifecycle";
				PRODUCT_NAME = "$(TARGET_NAME)";
				SWIFT_VERSION = 5.0;
				TARGETED_DEVICE_FAMILY = "1,2";
			};
			name = Debug;
		};
		D11C59172658A023007C83F2 /* Release */ = {
			isa = XCBuildConfiguration;
			buildSettings = {
				ASSETCATALOG_COMPILER_APPICON_NAME = AppIcon;
				ASSETCATALOG_COMPILER_GLOBAL_ACCENT_COLOR_NAME = AccentColor;
				CODE_SIGN_STYLE = Automatic;
				DEVELOPMENT_TEAM = N6VB623J2W;
				INFOPLIST_FILE = viewcontroller_lifecycle/Info.plist;
				LD_RUNPATH_SEARCH_PATHS = (
					"$(inherited)",
					"@executable_path/Frameworks",
				);
				PRODUCT_BUNDLE_IDENTIFIER = "com.google.viewcontroller-lifecycle";
				PRODUCT_NAME = "$(TARGET_NAME)";
				SWIFT_VERSION = 5.0;
				TARGETED_DEVICE_FAMILY = "1,2";
			};
			name = Release;
		};
/* End XCBuildConfiguration section */

/* Begin XCConfigurationList section */
		D11C58FC2658A022007C83F2 /* Build configuration list for PBXProject "viewcontroller_lifecycle" */ = {
			isa = XCConfigurationList;
			buildConfigurations = (
				D11C59132658A023007C83F2 /* Debug */,
				D11C59142658A023007C83F2 /* Release */,
			);
			defaultConfigurationIsVisible = 0;
			defaultConfigurationName = Release;
		};
		D11C59152658A023007C83F2 /* Build configuration list for PBXNativeTarget "viewcontroller_lifecycle" */ = {
			isa = XCConfigurationList;
			buildConfigurations = (
				D11C59162658A023007C83F2 /* Debug */,
				D11C59172658A023007C83F2 /* Release */,
			);
			defaultConfigurationIsVisible = 0;
			defaultConfigurationName = Release;
		};
/* End XCConfigurationList section */
	};
	rootObject = D11C58F92658A022007C83F2 /* Project object */;
}
