// !$*UTF8*$!
{
	archiveVersion = 1;
	classes = {
	};
	objectVersion = 50;
	objects = {

/* Begin PBXBuildFile section */
		D1312B31261956100004B4CB /* AppDelegate.swift in Sources */ = {isa = PBXBuildFile; fileRef = D1312B30261956100004B4CB /* AppDelegate.swift */; };
		D1312B33261956100004B4CB /* SceneDelegate.swift in Sources */ = {isa = PBXBuildFile; fileRef = D1312B32261956100004B4CB /* SceneDelegate.swift */; };
		D1312B35261956100004B4CB /* InputUserInfoViewController.swift in Sources */ = {isa = PBXBuildFile; fileRef = D1312B34261956100004B4CB /* InputUserInfoViewController.swift */; };
		D1312B38261956100004B4CB /* Main.storyboard in Resources */ = {isa = PBXBuildFile; fileRef = D1312B36261956100004B4CB /* Main.storyboard */; };
		D1312B3A261956100004B4CB /* Assets.xcassets in Resources */ = {isa = PBXBuildFile; fileRef = D1312B39261956100004B4CB /* Assets.xcassets */; };
		D1312B3D261956100004B4CB /* LaunchScreen.storyboard in Resources */ = {isa = PBXBuildFile; fileRef = D1312B3B261956100004B4CB /* LaunchScreen.storyboard */; };
		D1312B49261956D40004B4CB /* TopTableViewController.swift in Sources */ = {isa = PBXBuildFile; fileRef = D1312B48261956D40004B4CB /* TopTableViewController.swift */; };
		D1312B4E261959280004B4CB /* UserModel.swift in Sources */ = {isa = PBXBuildFile; fileRef = D1312B4D261959280004B4CB /* UserModel.swift */; };
/* End PBXBuildFile section */

/* Begin PBXFileReference section */
		D1312B2D261956100004B4CB /* user_app.app */ = {isa = PBXFileReference; explicitFileType = wrapper.application; includeInIndex = 0; path = user_app.app; sourceTree = BUILT_PRODUCTS_DIR; };
		D1312B30261956100004B4CB /* AppDelegate.swift */ = {isa = PBXFileReference; lastKnownFileType = sourcecode.swift; path = AppDelegate.swift; sourceTree = "<group>"; };
		D1312B32261956100004B4CB /* SceneDelegate.swift */ = {isa = PBXFileReference; lastKnownFileType = sourcecode.swift; path = SceneDelegate.swift; sourceTree = "<group>"; };
		D1312B34261956100004B4CB /* InputUserInfoViewController.swift */ = {isa = PBXFileReference; lastKnownFileType = sourcecode.swift; path = InputUserInfoViewController.swift; sourceTree = "<group>"; };
		D1312B37261956100004B4CB /* Base */ = {isa = PBXFileReference; lastKnownFileType = file.storyboard; name = Base; path = Base.lproj/Main.storyboard; sourceTree = "<group>"; };
		D1312B39261956100004B4CB /* Assets.xcassets */ = {isa = PBXFileReference; lastKnownFileType = folder.assetcatalog; path = Assets.xcassets; sourceTree = "<group>"; };
		D1312B3C261956100004B4CB /* Base */ = {isa = PBXFileReference; lastKnownFileType = file.storyboard; name = Base; path = Base.lproj/LaunchScreen.storyboard; sourceTree = "<group>"; };
		D1312B3E261956110004B4CB /* Info.plist */ = {isa = PBXFileReference; lastKnownFileType = text.plist.xml; path = Info.plist; sourceTree = "<group>"; };
		D1312B48261956D40004B4CB /* TopTableViewController.swift */ = {isa = PBXFileReference; lastKnownFileType = sourcecode.swift; path = TopTableViewController.swift; sourceTree = "<group>"; };
		D1312B4D261959280004B4CB /* UserModel.swift */ = {isa = PBXFileReference; lastKnownFileType = sourcecode.swift; path = UserModel.swift; sourceTree = "<group>"; };
/* End PBXFileReference section */

/* Begin PBXFrameworksBuildPhase section */
		D1312B2A261956100004B4CB /* Frameworks */ = {
			isa = PBXFrameworksBuildPhase;
			buildActionMask = 2147483647;
			files = (
			);
			runOnlyForDeploymentPostprocessing = 0;
		};
/* End PBXFrameworksBuildPhase section */

/* Begin PBXGroup section */
		D1312B24261956100004B4CB = {
			isa = PBXGroup;
			children = (
				D1312B2F261956100004B4CB /* user_app */,
				D1312B2E261956100004B4CB /* Products */,
			);
			sourceTree = "<group>";
		};
		D1312B2E261956100004B4CB /* Products */ = {
			isa = PBXGroup;
			children = (
				D1312B2D261956100004B4CB /* user_app.app */,
			);
			name = Products;
			sourceTree = "<group>";
		};
		D1312B2F261956100004B4CB /* user_app */ = {
			isa = PBXGroup;
			children = (
				D1312B30261956100004B4CB /* AppDelegate.swift */,
				D1312B32261956100004B4CB /* SceneDelegate.swift */,
				D1312B4D261959280004B4CB /* UserModel.swift */,
				D1312B47261956AC0004B4CB /* Controllers */,
				D1312B36261956100004B4CB /* Main.storyboard */,
				D1312B39261956100004B4CB /* Assets.xcassets */,
				D1312B3B261956100004B4CB /* LaunchScreen.storyboard */,
				D1312B3E261956110004B4CB /* Info.plist */,
			);
			path = user_app;
			sourceTree = "<group>";
		};
		D1312B47261956AC0004B4CB /* Controllers */ = {
			isa = PBXGroup;
			children = (
				D1312B34261956100004B4CB /* InputUserInfoViewController.swift */,
				D1312B48261956D40004B4CB /* TopTableViewController.swift */,
			);
			path = Controllers;
			sourceTree = "<group>";
		};
/* End PBXGroup section */

/* Begin PBXNativeTarget section */
		D1312B2C261956100004B4CB /* user_app */ = {
			isa = PBXNativeTarget;
			buildConfigurationList = D1312B41261956110004B4CB /* Build configuration list for PBXNativeTarget "user_app" */;
			buildPhases = (
				D1312B29261956100004B4CB /* Sources */,
				D1312B2A261956100004B4CB /* Frameworks */,
				D1312B2B261956100004B4CB /* Resources */,
			);
			buildRules = (
			);
			dependencies = (
			);
			name = user_app;
			productName = user_app;
			productReference = D1312B2D261956100004B4CB /* user_app.app */;
			productType = "com.apple.product-type.application";
		};
/* End PBXNativeTarget section */

/* Begin PBXProject section */
		D1312B25261956100004B4CB /* Project object */ = {
			isa = PBXProject;
			attributes = {
				LastSwiftUpdateCheck = 1240;
				LastUpgradeCheck = 1240;
				TargetAttributes = {
					D1312B2C261956100004B4CB = {
						CreatedOnToolsVersion = 12.4;
					};
				};
			};
			buildConfigurationList = D1312B28261956100004B4CB /* Build configuration list for PBXProject "user_app" */;
			compatibilityVersion = "Xcode 9.3";
			developmentRegion = en;
			hasScannedForEncodings = 0;
			knownRegions = (
				en,
				Base,
			);
			mainGroup = D1312B24261956100004B4CB;
			productRefGroup = D1312B2E261956100004B4CB /* Products */;
			projectDirPath = "";
			projectRoot = "";
			targets = (
				D1312B2C261956100004B4CB /* user_app */,
			);
		};
/* End PBXProject section */

/* Begin PBXResourcesBuildPhase section */
		D1312B2B261956100004B4CB /* Resources */ = {
			isa = PBXResourcesBuildPhase;
			buildActionMask = 2147483647;
			files = (
				D1312B3D261956100004B4CB /* LaunchScreen.storyboard in Resources */,
				D1312B3A261956100004B4CB /* Assets.xcassets in Resources */,
				D1312B38261956100004B4CB /* Main.storyboard in Resources */,
			);
			runOnlyForDeploymentPostprocessing = 0;
		};
/* End PBXResourcesBuildPhase section */

/* Begin PBXSourcesBuildPhase section */
		D1312B29261956100004B4CB /* Sources */ = {
			isa = PBXSourcesBuildPhase;
			buildActionMask = 2147483647;
			files = (
				D1312B35261956100004B4CB /* InputUserInfoViewController.swift in Sources */,
				D1312B49261956D40004B4CB /* TopTableViewController.swift in Sources */,
				D1312B31261956100004B4CB /* AppDelegate.swift in Sources */,
				D1312B4E261959280004B4CB /* UserModel.swift in Sources */,
				D1312B33261956100004B4CB /* SceneDelegate.swift in Sources */,
			);
			runOnlyForDeploymentPostprocessing = 0;
		};
/* End PBXSourcesBuildPhase section */

/* Begin PBXVariantGroup section */
		D1312B36261956100004B4CB /* Main.storyboard */ = {
			isa = PBXVariantGroup;
			children = (
				D1312B37261956100004B4CB /* Base */,
			);
			name = Main.storyboard;
			sourceTree = "<group>";
		};
		D1312B3B261956100004B4CB /* LaunchScreen.storyboard */ = {
			isa = PBXVariantGroup;
			children = (
				D1312B3C261956100004B4CB /* Base */,
			);
			name = LaunchScreen.storyboard;
			sourceTree = "<group>";
		};
/* End PBXVariantGroup section */

/* Begin XCBuildConfiguration section */
		D1312B3F261956110004B4CB /* Debug */ = {
			isa = XCBuildConfiguration;
			buildSettings = {
				ALWAYS_SEARCH_USER_PATHS = NO;
				CLANG_ANALYZER_NONNULL = YES;
				CLANG_ANALYZER_NUMBER_OBJECT_CONVERSION = YES_AGGRESSIVE;
				CLANG_CXX_LANGUAGE_STANDARD = "gnu++14";
				CLANG_CXX_LIBRARY = "libc++";
				CLANG_ENABLE_MODULES = YES;
				CLANG_ENABLE_OBJC_ARC = YES;
				CLANG_ENABLE_OBJC_WEAK = YES;
				CLANG_WARN_BLOCK_CAPTURE_AUTORELEASING = YES;
				CLANG_WARN_BOOL_CONVERSION = YES;
				CLANG_WARN_COMMA = YES;
				CLANG_WARN_CONSTANT_CONVERSION = YES;
				CLANG_WARN_DEPRECATED_OBJC_IMPLEMENTATIONS = YES;
				CLANG_WARN_DIRECT_OBJC_ISA_USAGE = YES_ERROR;
				CLANG_WARN_DOCUMENTATION_COMMENTS = YES;
				CLANG_WARN_EMPTY_BODY = YES;
				CLANG_WARN_ENUM_CONVERSION = YES;
				CLANG_WARN_INFINITE_RECURSION = YES;
				CLANG_WARN_INT_CONVERSION = YES;
				CLANG_WARN_NON_LITERAL_NULL_CONVERSION = YES;
				CLANG_WARN_OBJC_IMPLICIT_RETAIN_SELF = YES;
				CLANG_WARN_OBJC_LITERAL_CONVERSION = YES;
				CLANG_WARN_OBJC_ROOT_CLASS = YES_ERROR;
				CLANG_WARN_QUOTED_INCLUDE_IN_FRAMEWORK_HEADER = YES;
				CLANG_WARN_RANGE_LOOP_ANALYSIS = YES;
				CLANG_WARN_STRICT_PROTOTYPES = YES;
				CLANG_WARN_SUSPICIOUS_MOVE = YES;
				CLANG_WARN_UNGUARDED_AVAILABILITY = YES_AGGRESSIVE;
				CLANG_WARN_UNREACHABLE_CODE = YES;
				CLANG_WARN__DUPLICATE_METHOD_MATCH = YES;
				COPY_PHASE_STRIP = NO;
				DEBUG_INFORMATION_FORMAT = dwarf;
				ENABLE_STRICT_OBJC_MSGSEND = YES;
				ENABLE_TESTABILITY = YES;
				GCC_C_LANGUAGE_STANDARD = gnu11;
				GCC_DYNAMIC_NO_PIC = NO;
				GCC_NO_COMMON_BLOCKS = YES;
				GCC_OPTIMIZATION_LEVEL = 0;
				GCC_PREPROCESSOR_DEFINITIONS = (
					"DEBUG=1",
					"$(inherited)",
				);
				GCC_WARN_64_TO_32_BIT_CONVERSION = YES;
				GCC_WARN_ABOUT_RETURN_TYPE = YES_ERROR;
				GCC_WARN_UNDECLARED_SELECTOR = YES;
				GCC_WARN_UNINITIALIZED_AUTOS = YES_AGGRESSIVE;
				GCC_WARN_UNUSED_FUNCTION = YES;
				GCC_WARN_UNUSED_VARIABLE = YES;
				IPHONEOS_DEPLOYMENT_TARGET = 14.4;
				MTL_ENABLE_DEBUG_INFO = INCLUDE_SOURCE;
				MTL_FAST_MATH = YES;
				ONLY_ACTIVE_ARCH = YES;
				SDKROOT = iphoneos;
				SWIFT_ACTIVE_COMPILATION_CONDITIONS = DEBUG;
				SWIFT_OPTIMIZATION_LEVEL = "-Onone";
			};
			name = Debug;
		};
		D1312B40261956110004B4CB /* Release */ = {
			isa = XCBuildConfiguration;
			buildSettings = {
				ALWAYS_SEARCH_USER_PATHS = NO;
				CLANG_ANALYZER_NONNULL = YES;
				CLANG_ANALYZER_NUMBER_OBJECT_CONVERSION = YES_AGGRESSIVE;
				CLANG_CXX_LANGUAGE_STANDARD = "gnu++14";
				CLANG_CXX_LIBRARY = "libc++";
				CLANG_ENABLE_MODULES = YES;
				CLANG_ENABLE_OBJC_ARC = YES;
				CLANG_ENABLE_OBJC_WEAK = YES;
				CLANG_WARN_BLOCK_CAPTURE_AUTORELEASING = YES;
				CLANG_WARN_BOOL_CONVERSION = YES;
				CLANG_WARN_COMMA = YES;
				CLANG_WARN_CONSTANT_CONVERSION = YES;
				CLANG_WARN_DEPRECATED_OBJC_IMPLEMENTATIONS = YES;
				CLANG_WARN_DIRECT_OBJC_ISA_USAGE = YES_ERROR;
				CLANG_WARN_DOCUMENTATION_COMMENTS = YES;
				CLANG_WARN_EMPTY_BODY = YES;
				CLANG_WARN_ENUM_CONVERSION = YES;
				CLANG_WARN_INFINITE_RECURSION = YES;
				CLANG_WARN_INT_CONVERSION = YES;
				CLANG_WARN_NON_LITERAL_NULL_CONVERSION = YES;
				CLANG_WARN_OBJC_IMPLICIT_RETAIN_SELF = YES;
				CLANG_WARN_OBJC_LITERAL_CONVERSION = YES;
				CLANG_WARN_OBJC_ROOT_CLASS = YES_ERROR;
				CLANG_WARN_QUOTED_INCLUDE_IN_FRAMEWORK_HEADER = YES;
				CLANG_WARN_RANGE_LOOP_ANALYSIS = YES;
				CLANG_WARN_STRICT_PROTOTYPES = YES;
				CLANG_WARN_SUSPICIOUS_MOVE = YES;
				CLANG_WARN_UNGUARDED_AVAILABILITY = YES_AGGRESSIVE;
				CLANG_WARN_UNREACHABLE_CODE = YES;
				CLANG_WARN__DUPLICATE_METHOD_MATCH = YES;
				COPY_PHASE_STRIP = NO;
				DEBUG_INFORMATION_FORMAT = "dwarf-with-dsym";
				ENABLE_NS_ASSERTIONS = NO;
				ENABLE_STRICT_OBJC_MSGSEND = YES;
				GCC_C_LANGUAGE_STANDARD = gnu11;
				GCC_NO_COMMON_BLOCKS = YES;
				GCC_WARN_64_TO_32_BIT_CONVERSION = YES;
				GCC_WARN_ABOUT_RETURN_TYPE = YES_ERROR;
				GCC_WARN_UNDECLARED_SELECTOR = YES;
				GCC_WARN_UNINITIALIZED_AUTOS = YES_AGGRESSIVE;
				GCC_WARN_UNUSED_FUNCTION = YES;
				GCC_WARN_UNUSED_VARIABLE = YES;
				IPHONEOS_DEPLOYMENT_TARGET = 14.4;
				MTL_ENABLE_DEBUG_INFO = NO;
				MTL_FAST_MATH = YES;
				SDKROOT = iphoneos;
				SWIFT_COMPILATION_MODE = wholemodule;
				SWIFT_OPTIMIZATION_LEVEL = "-O";
				VALIDATE_PRODUCT = YES;
			};
			name = Release;
		};
		D1312B42261956110004B4CB /* Debug */ = {
			isa = XCBuildConfiguration;
			buildSettings = {
				ASSETCATALOG_COMPILER_APPICON_NAME = AppIcon;
				ASSETCATALOG_COMPILER_GLOBAL_ACCENT_COLOR_NAME = AccentColor;
				CODE_SIGN_STYLE = Automatic;
				DEVELOPMENT_TEAM = N6VB623J2W;
				INFOPLIST_FILE = user_app/Info.plist;
				LD_RUNPATH_SEARCH_PATHS = (
					"$(inherited)",
					"@executable_path/Frameworks",
				);
				PRODUCT_BUNDLE_IDENTIFIER = "com.google.user-app";
				PRODUCT_NAME = "$(TARGET_NAME)";
				SWIFT_VERSION = 5.0;
				TARGETED_DEVICE_FAMILY = "1,2";
			};
			name = Debug;
		};
		D1312B43261956110004B4CB /* Release */ = {
			isa = XCBuildConfiguration;
			buildSettings = {
				ASSETCATALOG_COMPILER_APPICON_NAME = AppIcon;
				ASSETCATALOG_COMPILER_GLOBAL_ACCENT_COLOR_NAME = AccentColor;
				CODE_SIGN_STYLE = Automatic;
				DEVELOPMENT_TEAM = N6VB623J2W;
				INFOPLIST_FILE = user_app/Info.plist;
				LD_RUNPATH_SEARCH_PATHS = (
					"$(inherited)",
					"@executable_path/Frameworks",
				);
				PRODUCT_BUNDLE_IDENTIFIER = "com.google.user-app";
				PRODUCT_NAME = "$(TARGET_NAME)";
				SWIFT_VERSION = 5.0;
				TARGETED_DEVICE_FAMILY = "1,2";
			};
			name = Release;
		};
/* End XCBuildConfiguration section */

/* Begin XCConfigurationList section */
		D1312B28261956100004B4CB /* Build configuration list for PBXProject "user_app" */ = {
			isa = XCConfigurationList;
			buildConfigurations = (
				D1312B3F261956110004B4CB /* Debug */,
				D1312B40261956110004B4CB /* Release */,
			);
			defaultConfigurationIsVisible = 0;
			defaultConfigurationName = Release;
		};
		D1312B41261956110004B4CB /* Build configuration list for PBXNativeTarget "user_app" */ = {
			isa = XCConfigurationList;
			buildConfigurations = (
				D1312B42261956110004B4CB /* Debug */,
				D1312B43261956110004B4CB /* Release */,
			);
			defaultConfigurationIsVisible = 0;
			defaultConfigurationName = Release;
		};
/* End XCConfigurationList section */
	};
	rootObject = D1312B25261956100004B4CB /* Project object */;
}
